
Microsoft Visual Studio Solution File, Format Version 12.00
# Visual Studio Version 16
VisualStudioVersion = 16.0.30709.132
MinimumVisualStudioVersion = 10.0.40219.1
Project("{FAE04EC0-301F-11D3-BF4B-00C04F79EFBC}") = "Lab3", "Lab3\Lab3.csproj", "{BFCE701F-995D-45BB-908E-79512EACFCB7}"
EndProject
Global
	GlobalSection(SolutionConfigurationPlatforms) = preSolution
		Debug|Any CPU = Debug|Any CPU
		Release|Any CPU = Release|Any CPU
	EndGlobalSection
	GlobalSection(ProjectConfigurationPlatforms) = postSolution
		{BFCE701F-995D-45BB-908E-79512EACFCB7}.Debug|Any CPU.ActiveCfg = Debug|Any CPU
		{BFCE701F-995D-45BB-908E-79512EACFCB7}.Debug|Any CPU.Build.0 = Debug|Any CPU
		{BFCE701F-995D-45BB-908E-79512EACFCB7}.Release|Any CPU.ActiveCfg = Release|Any CPU
		{BFCE701F-995D-45BB-908E-79512EACFCB7}.Release|Any CPU.Build.0 = Release|Any CPU
	EndGlobalSection
	GlobalSection(SolutionProperties) = preSolution
		HideSolutionNode = FALSE
	EndGlobalSection
	GlobalSection(ExtensibilityGlobals) = postSolution
		SolutionGuid = {76A78F71-627E-4DE0-A2D8-E0B07BC50C87}
	EndGlobalSection
EndGlobal
